
Microsoft Visual Studio Solution File, Format Version 12.00
# Visual Studio Version 17
VisualStudioVersion = 17.0.31903.59
MinimumVisualStudioVersion = 10.0.40219.1
Project("{2150E333-8FDC-42A3-9474-1A3956D46DE8}") = "src", "src", "{827E0CD3-B72D-47B6-A68D-7590B98EB39B}"
EndProject
Project("{FAE04EC0-301F-11D3-BF4B-00C04F79EFBC}") = "PRM.Domain", "src\PRM.Domain\PRM.Domain.csproj", "{37C1ADE6-D4E5-4DB7-ACB8-B7808A46E856}"
EndProject
Project("{FAE04EC0-301F-11D3-BF4B-00C04F79EFBC}") = "PRM.Application", "src\PRM.Application\PRM.Application.csproj", "{1B03BA97-0913-4571-AF41-4C4AA740E8AA}"
EndProject
Project("{FAE04EC0-301F-11D3-BF4B-00C04F79EFBC}") = "PRM.Infrastructure", "src\PRM.Infrastructure\PRM.Infrastructure.csproj", "{BBE9CB59-668E-49DE-BC41-CEC0E198D66C}"
EndProject
Project("{FAE04EC0-301F-11D3-BF4B-00C04F79EFBC}") = "PRM.Api", "src\PRM.Api\PRM.Api.csproj", "{30EB54CA-C7F1-4578-830D-B066FF098245}"
EndProject
Project("{FAE04EC0-301F-11D3-BF4B-00C04F79EFBC}") = "PRM.Client", "src\PRM.Client\PRM.Client.csproj", "{0AE48E6B-5DB7-4E55-B67C-FA89104482C1}"
EndProject
Project("{2150E333-8FDC-42A3-9474-1A3956D46DE8}") = "tests", "tests", "{0AB3BF05-4346-4AA6-1389-037BE0695223}"
EndProject
Project("{FAE04EC0-301F-11D3-BF4B-00C04F79EFBC}") = "PRM.Tests", "tests\PRM.Tests\PRM.Tests.csproj", "{62EBAA70-B5EB-4039-B5AC-9F11A70439A7}"
EndProject
Global
	GlobalSection(SolutionConfigurationPlatforms) = preSolution
		Debug|Any CPU = Debug|Any CPU
		Debug|x64 = Debug|x64
		Debug|x86 = Debug|x86
		Release|Any CPU = Release|Any CPU
		Release|x64 = Release|x64
		Release|x86 = Release|x86
	EndGlobalSection
	GlobalSection(ProjectConfigurationPlatforms) = postSolution
		{37C1ADE6-D4E5-4DB7-ACB8-B7808A46E856}.Debug|Any CPU.ActiveCfg = Debug|Any CPU
		{37C1ADE6-D4E5-4DB7-ACB8-B7808A46E856}.Debug|Any CPU.Build.0 = Debug|Any CPU
		{37C1ADE6-D4E5-4DB7-ACB8-B7808A46E856}.Debug|x64.ActiveCfg = Debug|Any CPU
		{37C1ADE6-D4E5-4DB7-ACB8-B7808A46E856}.Debug|x64.Build.0 = Debug|Any CPU
		{37C1ADE6-D4E5-4DB7-ACB8-B7808A46E856}.Debug|x86.ActiveCfg = Debug|Any CPU
		{37C1ADE6-D4E5-4DB7-ACB8-B7808A46E856}.Debug|x86.Build.0 = Debug|Any CPU
		{37C1ADE6-D4E5-4DB7-ACB8-B7808A46E856}.Release|Any CPU.ActiveCfg = Release|Any CPU
		{37C1ADE6-D4E5-4DB7-ACB8-B7808A46E856}.Release|Any CPU.Build.0 = Release|Any CPU
		{37C1ADE6-D4E5-4DB7-ACB8-B7808A46E856}.Release|x64.ActiveCfg = Release|Any CPU
		{37C1ADE6-D4E5-4DB7-ACB8-B7808A46E856}.Release|x64.Build.0 = Release|Any CPU
		{37C1ADE6-D4E5-4DB7-ACB8-B7808A46E856}.Release|x86.ActiveCfg = Release|Any CPU
		{37C1ADE6-D4E5-4DB7-ACB8-B7808A46E856}.Release|x86.Build.0 = Release|Any CPU
		{1B03BA97-0913-4571-AF41-4C4AA740E8AA}.Debug|Any CPU.ActiveCfg = Debug|Any CPU
		{1B03BA97-0913-4571-AF41-4C4AA740E8AA}.Debug|Any CPU.Build.0 = Debug|Any CPU
		{1B03BA97-0913-4571-AF41-4C4AA740E8AA}.Debug|x64.ActiveCfg = Debug|Any CPU
		{1B03BA97-0913-4571-AF41-4C4AA740E8AA}.Debug|x64.Build.0 = Debug|Any CPU
		{1B03BA97-0913-4571-AF41-4C4AA740E8AA}.Debug|x86.ActiveCfg = Debug|Any CPU
		{1B03BA97-0913-4571-AF41-4C4AA740E8AA}.Debug|x86.Build.0 = Debug|Any CPU
		{1B03BA97-0913-4571-AF41-4C4AA740E8AA}.Release|Any CPU.ActiveCfg = Release|Any CPU
		{1B03BA97-0913-4571-AF41-4C4AA740E8AA}.Release|Any CPU.Build.0 = Release|Any CPU
		{1B03BA97-0913-4571-AF41-4C4AA740E8AA}.Release|x64.ActiveCfg = Release|Any CPU
		{1B03BA97-0913-4571-AF41-4C4AA740E8AA}.Release|x64.Build.0 = Release|Any CPU
		{1B03BA97-0913-4571-AF41-4C4AA740E8AA}.Release|x86.ActiveCfg = Release|Any CPU
		{1B03BA97-0913-4571-AF41-4C4AA740E8AA}.Release|x86.Build.0 = Release|Any CPU
		{BBE9CB59-668E-49DE-BC41-CEC0E198D66C}.Debug|Any CPU.ActiveCfg = Debug|Any CPU
		{BBE9CB59-668E-49DE-BC41-CEC0E198D66C}.Debug|Any CPU.Build.0 = Debug|Any CPU
		{BBE9CB59-668E-49DE-BC41-CEC0E198D66C}.Debug|x64.ActiveCfg = Debug|Any CPU
		{BBE9CB59-668E-49DE-BC41-CEC0E198D66C}.Debug|x64.Build.0 = Debug|Any CPU
		{BBE9CB59-668E-49DE-BC41-CEC0E198D66C}.Debug|x86.ActiveCfg = Debug|Any CPU
		{BBE9CB59-668E-49DE-BC41-CEC0E198D66C}.Debug|x86.Build.0 = Debug|Any CPU
		{BBE9CB59-668E-49DE-BC41-CEC0E198D66C}.Release|Any CPU.ActiveCfg = Release|Any CPU
		{BBE9CB59-668E-49DE-BC41-CEC0E198D66C}.Release|Any CPU.Build.0 = Release|Any CPU
		{BBE9CB59-668E-49DE-BC41-CEC0E198D66C}.Release|x64.ActiveCfg = Release|Any CPU
		{BBE9CB59-668E-49DE-BC41-CEC0E198D66C}.Release|x64.Build.0 = Release|Any CPU
		{BBE9CB59-668E-49DE-BC41-CEC0E198D66C}.Release|x86.ActiveCfg = Release|Any CPU
		{BBE9CB59-668E-49DE-BC41-CEC0E198D66C}.Release|x86.Build.0 = Release|Any CPU
		{30EB54CA-C7F1-4578-830D-B066FF098245}.Debug|Any CPU.ActiveCfg = Debug|Any CPU
		{30EB54CA-C7F1-4578-830D-B066FF098245}.Debug|Any CPU.Build.0 = Debug|Any CPU
		{30EB54CA-C7F1-4578-830D-B066FF098245}.Debug|x64.ActiveCfg = Debug|Any CPU
		{30EB54CA-C7F1-4578-830D-B066FF098245}.Debug|x64.Build.0 = Debug|Any CPU
		{30EB54CA-C7F1-4578-830D-B066FF098245}.Debug|x86.ActiveCfg = Debug|Any CPU
		{30EB54CA-C7F1-4578-830D-B066FF098245}.Debug|x86.Build.0 = Debug|Any CPU
		{30EB54CA-C7F1-4578-830D-B066FF098245}.Release|Any CPU.ActiveCfg = Release|Any CPU
		{30EB54CA-C7F1-4578-830D-B066FF098245}.Release|Any CPU.Build.0 = Release|Any CPU
		{30EB54CA-C7F1-4578-830D-B066FF098245}.Release|x64.ActiveCfg = Release|Any CPU
		{30EB54CA-C7F1-4578-830D-B066FF098245}.Release|x64.Build.0 = Release|Any CPU
		{30EB54CA-C7F1-4578-830D-B066FF098245}.Release|x86.ActiveCfg = Release|Any CPU
		{30EB54CA-C7F1-4578-830D-B066FF098245}.Release|x86.Build.0 = Release|Any CPU
		{0AE48E6B-5DB7-4E55-B67C-FA89104482C1}.Debug|Any CPU.ActiveCfg = Debug|Any CPU
		{0AE48E6B-5DB7-4E55-B67C-FA89104482C1}.Debug|Any CPU.Build.0 = Debug|Any CPU
		{0AE48E6B-5DB7-4E55-B67C-FA89104482C1}.Debug|x64.ActiveCfg = Debug|Any CPU
		{0AE48E6B-5DB7-4E55-B67C-FA89104482C1}.Debug|x64.Build.0 = Debug|Any CPU
		{0AE48E6B-5DB7-4E55-B67C-FA89104482C1}.Debug|x86.ActiveCfg = Debug|Any CPU
		{0AE48E6B-5DB7-4E55-B67C-FA89104482C1}.Debug|x86.Build.0 = Debug|Any CPU
		{0AE48E6B-5DB7-4E55-B67C-FA89104482C1}.Release|Any CPU.ActiveCfg = Release|Any CPU
		{0AE48E6B-5DB7-4E55-B67C-FA89104482C1}.Release|Any CPU.Build.0 = Release|Any CPU
		{0AE48E6B-5DB7-4E55-B67C-FA89104482C1}.Release|x64.ActiveCfg = Release|Any CPU
		{0AE48E6B-5DB7-4E55-B67C-FA89104482C1}.Release|x64.Build.0 = Release|Any CPU
		{0AE48E6B-5DB7-4E55-B67C-FA89104482C1}.Release|x86.ActiveCfg = Release|Any CPU
		{0AE48E6B-5DB7-4E55-B67C-FA89104482C1}.Release|x86.Build.0 = Release|Any CPU
		{62EBAA70-B5EB-4039-B5AC-9F11A70439A7}.Debug|Any CPU.ActiveCfg = Debug|Any CPU
		{62EBAA70-B5EB-4039-B5AC-9F11A70439A7}.Debug|Any CPU.Build.0 = Debug|Any CPU
		{62EBAA70-B5EB-4039-B5AC-9F11A70439A7}.Debug|x64.ActiveCfg = Debug|Any CPU
		{62EBAA70-B5EB-4039-B5AC-9F11A70439A7}.Debug|x64.Build.0 = Debug|Any CPU
		{62EBAA70-B5EB-4039-B5AC-9F11A70439A7}.Debug|x86.ActiveCfg = Debug|Any CPU
		{62EBAA70-B5EB-4039-B5AC-9F11A70439A7}.Debug|x86.Build.0 = Debug|Any CPU
		{62EBAA70-B5EB-4039-B5AC-9F11A70439A7}.Release|Any CPU.ActiveCfg = Release|Any CPU
		{62EBAA70-B5EB-4039-B5AC-9F11A70439A7}.Release|Any CPU.Build.0 = Release|Any CPU
		{62EBAA70-B5EB-4039-B5AC-9F11A70439A7}.Release|x64.ActiveCfg = Release|Any CPU
		{62EBAA70-B5EB-4039-B5AC-9F11A70439A7}.Release|x64.Build.0 = Release|Any CPU
		{62EBAA70-B5EB-4039-B5AC-9F11A70439A7}.Release|x86.ActiveCfg = Release|Any CPU
		{62EBAA70-B5EB-4039-B5AC-9F11A70439A7}.Release|x86.Build.0 = Release|Any CPU
	EndGlobalSection
	GlobalSection(SolutionProperties) = preSolution
		HideSolutionNode = FALSE
	EndGlobalSection
	GlobalSection(NestedProjects) = preSolution
		{37C1ADE6-D4E5-4DB7-ACB8-B7808A46E856} = {827E0CD3-B72D-47B6-A68D-7590B98EB39B}
		{1B03BA97-0913-4571-AF41-4C4AA740E8AA} = {827E0CD3-B72D-47B6-A68D-7590B98EB39B}
		{BBE9CB59-668E-49DE-BC41-CEC0E198D66C} = {827E0CD3-B72D-47B6-A68D-7590B98EB39B}
		{30EB54CA-C7F1-4578-830D-B066FF098245} = {827E0CD3-B72D-47B6-A68D-7590B98EB39B}
		{0AE48E6B-5DB7-4E55-B67C-FA89104482C1} = {827E0CD3-B72D-47B6-A68D-7590B98EB39B}
		{62EBAA70-B5EB-4039-B5AC-9F11A70439A7} = {0AB3BF05-4346-4AA6-1389-037BE0695223}
	EndGlobalSection
EndGlobal
